
Microsoft Visual Studio Solution File, Format Version 12.00
# Visual Studio Version 17
VisualStudioVersion = 17.1.32407.343
MinimumVisualStudioVersion = 10.0.40219.1
Project("{9A19103F-16F7-4668-BE54-9A1E7A4F7556}") = "Bankos.API", "Bankos.API\Bankos.API.csproj", "{7D5844FE-2131-4EA8-B03C-9E8EF5C7B7AD}"
EndProject
Project("{FAE04EC0-301F-11D3-BF4B-00C04F79EFBC}") = "Bankos.DB", "Bankos.DB\Bankos.DB.csproj", "{373ADADD-E51F-4CD1-9AA8-E9A12D7322C3}"
EndProject
Global
	GlobalSection(SolutionConfigurationPlatforms) = preSolution
		Debug|Any CPU = Debug|Any CPU
		Release|Any CPU = Release|Any CPU
	EndGlobalSection
	GlobalSection(ProjectConfigurationPlatforms) = postSolution
		{7D5844FE-2131-4EA8-B03C-9E8EF5C7B7AD}.Debug|Any CPU.ActiveCfg = Debug|Any CPU
		{7D5844FE-2131-4EA8-B03C-9E8EF5C7B7AD}.Debug|Any CPU.Build.0 = Debug|Any CPU
		{7D5844FE-2131-4EA8-B03C-9E8EF5C7B7AD}.Release|Any CPU.ActiveCfg = Release|Any CPU
		{7D5844FE-2131-4EA8-B03C-9E8EF5C7B7AD}.Release|Any CPU.Build.0 = Release|Any CPU
		{373ADADD-E51F-4CD1-9AA8-E9A12D7322C3}.Debug|Any CPU.ActiveCfg = Debug|Any CPU
		{373ADADD-E51F-4CD1-9AA8-E9A12D7322C3}.Debug|Any CPU.Build.0 = Debug|Any CPU
		{373ADADD-E51F-4CD1-9AA8-E9A12D7322C3}.Release|Any CPU.ActiveCfg = Release|Any CPU
		{373ADADD-E51F-4CD1-9AA8-E9A12D7322C3}.Release|Any CPU.Build.0 = Release|Any CPU
	EndGlobalSection
	GlobalSection(SolutionProperties) = preSolution
		HideSolutionNode = FALSE
	EndGlobalSection
	GlobalSection(ExtensibilityGlobals) = postSolution
		SolutionGuid = {D74493EE-C617-4AE9-BC44-B0CC7D2B6310}
	EndGlobalSection
EndGlobal
